
Microsoft Visual Studio Solution File, Format Version 12.00
# Visual Studio Version 17
VisualStudioVersion = 17.0.31903.59
MinimumVisualStudioVersion = 10.0.40219.1
Project("{FAE04EC0-301F-11D3-BF4B-00C04F79EFBC}") = "PriorityQueue", "PriorityQueue\PriorityQueue.csproj", "{049A8121-18EE-4DDA-8BBC-4C3EFD4BCE76}"
EndProject
Project("{FAE04EC0-301F-11D3-BF4B-00C04F79EFBC}") = "PriorityQueueExample", "PriorityQueueExample\PriorityQueueExample.csproj", "{FDBF7D36-4D04-4F8F-970E-F5B6B6D303BE}"
EndProject
Global
	GlobalSection(SolutionConfigurationPlatforms) = preSolution
		Debug|Any CPU = Debug|Any CPU
		Release|Any CPU = Release|Any CPU
	EndGlobalSection
	GlobalSection(SolutionProperties) = preSolution
		HideSolutionNode = FALSE
	EndGlobalSection
	GlobalSection(ProjectConfigurationPlatforms) = postSolution
		{049A8121-18EE-4DDA-8BBC-4C3EFD4BCE76}.Debug|Any CPU.ActiveCfg = Debug|Any CPU
		{049A8121-18EE-4DDA-8BBC-4C3EFD4BCE76}.Debug|Any CPU.Build.0 = Debug|Any CPU
		{049A8121-18EE-4DDA-8BBC-4C3EFD4BCE76}.Release|Any CPU.ActiveCfg = Release|Any CPU
		{049A8121-18EE-4DDA-8BBC-4C3EFD4BCE76}.Release|Any CPU.Build.0 = Release|Any CPU
		{FDBF7D36-4D04-4F8F-970E-F5B6B6D303BE}.Debug|Any CPU.ActiveCfg = Debug|Any CPU
		{FDBF7D36-4D04-4F8F-970E-F5B6B6D303BE}.Debug|Any CPU.Build.0 = Debug|Any CPU
		{FDBF7D36-4D04-4F8F-970E-F5B6B6D303BE}.Release|Any CPU.ActiveCfg = Release|Any CPU
		{FDBF7D36-4D04-4F8F-970E-F5B6B6D303BE}.Release|Any CPU.Build.0 = Release|Any CPU
	EndGlobalSection
EndGlobal
